
Microsoft Visual Studio Solution File, Format Version 12.00
Project("{FAE04EC0-301F-11D3-BF4B-00C04F79EFBC}") = "Homework1", "Homework1\Homework1.csproj", "{3D292FFA-2C23-406A-99F2-69319D053330}"
EndProject
Project("{FAE04EC0-301F-11D3-BF4B-00C04F79EFBC}") = "Homework2", "Homework2\Homework2.csproj", "{A7E8819C-1FA1-45FA-A755-B744015B75E4}"
EndProject
Project("{FAE04EC0-301F-11D3-BF4B-00C04F79EFBC}") = "TestProject1", "TestProject1\TestProject1.csproj", "{8C875214-CD73-413F-A2FD-AB7E1C9440F7}"
EndProject
Global
	GlobalSection(SolutionConfigurationPlatforms) = preSolution
		Debug|Any CPU = Debug|Any CPU
		Release|Any CPU = Release|Any CPU
	EndGlobalSection
	GlobalSection(ProjectConfigurationPlatforms) = postSolution
		{3D292FFA-2C23-406A-99F2-69319D053330}.Debug|Any CPU.ActiveCfg = Debug|Any CPU
		{3D292FFA-2C23-406A-99F2-69319D053330}.Debug|Any CPU.Build.0 = Debug|Any CPU
		{3D292FFA-2C23-406A-99F2-69319D053330}.Release|Any CPU.ActiveCfg = Release|Any CPU
		{3D292FFA-2C23-406A-99F2-69319D053330}.Release|Any CPU.Build.0 = Release|Any CPU
		{A7E8819C-1FA1-45FA-A755-B744015B75E4}.Debug|Any CPU.ActiveCfg = Debug|Any CPU
		{A7E8819C-1FA1-45FA-A755-B744015B75E4}.Debug|Any CPU.Build.0 = Debug|Any CPU
		{A7E8819C-1FA1-45FA-A755-B744015B75E4}.Release|Any CPU.ActiveCfg = Release|Any CPU
		{A7E8819C-1FA1-45FA-A755-B744015B75E4}.Release|Any CPU.Build.0 = Release|Any CPU
		{8C875214-CD73-413F-A2FD-AB7E1C9440F7}.Debug|Any CPU.ActiveCfg = Debug|Any CPU
		{8C875214-CD73-413F-A2FD-AB7E1C9440F7}.Debug|Any CPU.Build.0 = Debug|Any CPU
		{8C875214-CD73-413F-A2FD-AB7E1C9440F7}.Release|Any CPU.ActiveCfg = Release|Any CPU
		{8C875214-CD73-413F-A2FD-AB7E1C9440F7}.Release|Any CPU.Build.0 = Release|Any CPU
	EndGlobalSection
EndGlobal
